
Microsoft Visual Studio Solution File, Format Version 12.00
# Visual Studio Version 17
VisualStudioVersion = 17.2.32602.215
MinimumVisualStudioVersion = 10.0.40219.1
Project("{FAE04EC0-301F-11D3-BF4B-00C04F79EFBC}") = "ComplexManagment", "ComplexManagment\ComplexManagment.csproj", "{D981A485-33FB-4FB0-9F2D-2D8D25BFCFCD}"
EndProject
Project("{FAE04EC0-301F-11D3-BF4B-00C04F79EFBC}") = "comlpex-migration", "comlpex-migration\comlpex-migration.csproj", "{E4862BA7-C471-497F-ABDE-0216B0D55DA0}"
EndProject
Global
	GlobalSection(SolutionConfigurationPlatforms) = preSolution
		Debug|Any CPU = Debug|Any CPU
		Release|Any CPU = Release|Any CPU
	EndGlobalSection
	GlobalSection(ProjectConfigurationPlatforms) = postSolution
		{D981A485-33FB-4FB0-9F2D-2D8D25BFCFCD}.Debug|Any CPU.ActiveCfg = Debug|Any CPU
		{D981A485-33FB-4FB0-9F2D-2D8D25BFCFCD}.Debug|Any CPU.Build.0 = Debug|Any CPU
		{D981A485-33FB-4FB0-9F2D-2D8D25BFCFCD}.Release|Any CPU.ActiveCfg = Release|Any CPU
		{D981A485-33FB-4FB0-9F2D-2D8D25BFCFCD}.Release|Any CPU.Build.0 = Release|Any CPU
		{E4862BA7-C471-497F-ABDE-0216B0D55DA0}.Debug|Any CPU.ActiveCfg = Debug|Any CPU
		{E4862BA7-C471-497F-ABDE-0216B0D55DA0}.Debug|Any CPU.Build.0 = Debug|Any CPU
		{E4862BA7-C471-497F-ABDE-0216B0D55DA0}.Release|Any CPU.ActiveCfg = Release|Any CPU
		{E4862BA7-C471-497F-ABDE-0216B0D55DA0}.Release|Any CPU.Build.0 = Release|Any CPU
	EndGlobalSection
	GlobalSection(SolutionProperties) = preSolution
		HideSolutionNode = FALSE
	EndGlobalSection
	GlobalSection(ExtensibilityGlobals) = postSolution
		SolutionGuid = {C9A33D55-1C7B-445E-B39D-A2A086DEF911}
	EndGlobalSection
EndGlobal
